
Microsoft Visual Studio Solution File, Format Version 12.00
# Visual Studio Version 17
VisualStudioVersion = 17.3.32825.248
MinimumVisualStudioVersion = 10.0.40219.1
Project("{FAE04EC0-301F-11D3-BF4B-00C04F79EFBC}") = "wpf1", "wpf1\wpf1.csproj", "{5EDF72E1-31B8-42D4-AAC5-4F1D58298874}"
EndProject
Global
	GlobalSection(SolutionConfigurationPlatforms) = preSolution
		Debug|Any CPU = Debug|Any CPU
		Release|Any CPU = Release|Any CPU
	EndGlobalSection
	GlobalSection(ProjectConfigurationPlatforms) = postSolution
		{5EDF72E1-31B8-42D4-AAC5-4F1D58298874}.Debug|Any CPU.ActiveCfg = Debug|Any CPU
		{5EDF72E1-31B8-42D4-AAC5-4F1D58298874}.Debug|Any CPU.Build.0 = Debug|Any CPU
		{5EDF72E1-31B8-42D4-AAC5-4F1D58298874}.Release|Any CPU.ActiveCfg = Release|Any CPU
		{5EDF72E1-31B8-42D4-AAC5-4F1D58298874}.Release|Any CPU.Build.0 = Release|Any CPU
	EndGlobalSection
	GlobalSection(SolutionProperties) = preSolution
		HideSolutionNode = FALSE
	EndGlobalSection
	GlobalSection(ExtensibilityGlobals) = postSolution
		SolutionGuid = {FBA3FEB7-34E3-434F-8633-C909DA5ADA7C}
	EndGlobalSection
EndGlobal
